// !$*UTF8*$!
{
	archiveVersion = 1;
	classes = {
	};
	objectVersion = 46;
	objects = {

/* Begin PBXBuildFile section */
		5F61E9461EB978B0003B636F /* AppDelegate.swift in Sources */ = {isa = PBXBuildFile; fileRef = 5F61E9451EB978B0003B636F /* AppDelegate.swift */; };
		5F61E9481EB978B0003B636F /* ViewController.swift in Sources */ = {isa = PBXBuildFile; fileRef = 5F61E9471EB978B0003B636F /* ViewController.swift */; };
		5F61E94B1EB978B0003B636F /* Main.storyboard in Resources */ = {isa = PBXBuildFile; fileRef = 5F61E9491EB978B0003B636F /* Main.storyboard */; };
		5F61E94D1EB978B0003B636F /* Assets.xcassets in Resources */ = {isa = PBXBuildFile; fileRef = 5F61E94C1EB978B0003B636F /* Assets.xcassets */; };
		5F61E9501EB978B0003B636F /* LaunchScreen.storyboard in Resources */ = {isa = PBXBuildFile; fileRef = 5F61E94E1EB978B0003B636F /* LaunchScreen.storyboard */; };
		5F61E95B1EB978B0003B636F /* MyFoodTrackerTests.swift in Sources */ = {isa = PBXBuildFile; fileRef = 5F61E95A1EB978B0003B636F /* MyFoodTrackerTests.swift */; };
/* End PBXBuildFile section */

/* Begin PBXContainerItemProxy section */
		5F61E9571EB978B0003B636F /* PBXContainerItemProxy */ = {
			isa = PBXContainerItemProxy;
			containerPortal = 5F61E93A1EB978B0003B636F /* Project object */;
			proxyType = 1;
			remoteGlobalIDString = 5F61E9411EB978B0003B636F;
			remoteInfo = MyFoodTracker;
		};
/* End PBXContainerItemProxy section */

/* Begin PBXFileReference section */
		5F61E9421EB978B0003B636F /* MyFoodTracker.app */ = {isa = PBXFileReference; explicitFileType = wrapper.application; includeInIndex = 0; path = MyFoodTracker.app; sourceTree = BUILT_PRODUCTS_DIR; };
		5F61E9451EB978B0003B636F /* AppDelegate.swift */ = {isa = PBXFileReference; lastKnownFileType = sourcecode.swift; path = AppDelegate.swift; sourceTree = "<group>"; };
		5F61E9471EB978B0003B636F /* ViewController.swift */ = {isa = PBXFileReference; lastKnownFileType = sourcecode.swift; path = ViewController.swift; sourceTree = "<group>"; };
		5F61E94A1EB978B0003B636F /* Base */ = {isa = PBXFileReference; lastKnownFileType = file.storyboard; name = Base; path = Base.lproj/Main.storyboard; sourceTree = "<group>"; };
		5F61E94C1EB978B0003B636F /* Assets.xcassets */ = {isa = PBXFileReference; lastKnownFileType = folder.assetcatalog; path = Assets.xcassets; sourceTree = "<group>"; };
		5F61E94F1EB978B0003B636F /* Base */ = {isa = PBXFileReference; lastKnownFileType = file.storyboard; name = Base; path = Base.lproj/LaunchScreen.storyboard; sourceTree = "<group>"; };
		5F61E9511EB978B0003B636F /* Info.plist */ = {isa = PBXFileReference; lastKnownFileType = text.plist.xml; path = Info.plist; sourceTree = "<group>"; };
		5F61E9561EB978B0003B636F /* MyFoodTrackerTests.xctest */ = {isa = PBXFileReference; explicitFileType = wrapper.cfbundle; includeInIndex = 0; path = MyFoodTrackerTests.xctest; sourceTree = BUILT_PRODUCTS_DIR; };
		5F61E95A1EB978B0003B636F /* MyFoodTrackerTests.swift */ = {isa = PBXFileReference; lastKnownFileType = sourcecode.swift; path = MyFoodTrackerTests.swift; sourceTree = "<group>"; };
		5F61E95C1EB978B0003B636F /* Info.plist */ = {isa = PBXFileReference; lastKnownFileType = text.plist.xml; path = Info.plist; sourceTree = "<group>"; };
/* End PBXFileReference section */

/* Begin PBXFrameworksBuildPhase section */
		5F61E93F1EB978B0003B636F /* Frameworks */ = {
			isa = PBXFrameworksBuildPhase;
			buildActionMask = 2147483647;
			files = (
			);
			runOnlyForDeploymentPostprocessing = 0;
		};
		5F61E9531EB978B0003B636F /* Frameworks */ = {
			isa = PBXFrameworksBuildPhase;
			buildActionMask = 2147483647;
			files = (
			);
			runOnlyForDeploymentPostprocessing = 0;
		};
/* End PBXFrameworksBuildPhase section */

/* Begin PBXGroup section */
		5F61E9391EB978B0003B636F = {
			isa = PBXGroup;
			children = (
				5F61E9441EB978B0003B636F /* MyFoodTracker */,
				5F61E9591EB978B0003B636F /* MyFoodTrackerTests */,
				5F61E9431EB978B0003B636F /* Products */,
			);
			sourceTree = "<group>";
		};
		5F61E9431EB978B0003B636F /* Products */ = {
			isa = PBXGroup;
			children = (
				5F61E9421EB978B0003B636F /* MyFoodTracker.app */,
				5F61E9561EB978B0003B636F /* MyFoodTrackerTests.xctest */,
			);
			name = Products;
			sourceTree = "<group>";
		};
		5F61E9441EB978B0003B636F /* MyFoodTracker */ = {
			isa = PBXGroup;
			children = (
				5F61E9451EB978B0003B636F /* AppDelegate.swift */,
				5F61E9471EB978B0003B636F /* ViewController.swift */,
				5F61E9491EB978B0003B636F /* Main.storyboard */,
				5F61E94C1EB978B0003B636F /* Assets.xcassets */,
				5F61E94E1EB978B0003B636F /* LaunchScreen.storyboard */,
				5F61E9511EB978B0003B636F /* Info.plist */,
			);
			path = MyFoodTracker;
			sourceTree = "<group>";
		};
		5F61E9591EB978B0003B636F /* MyFoodTrackerTests */ = {
			isa = PBXGroup;
			children = (
				5F61E95A1EB978B0003B636F /* MyFoodTrackerTests.swift */,
				5F61E95C1EB978B0003B636F /* Info.plist */,
			);
			path = MyFoodTrackerTests;
			sourceTree = "<group>";
		};
/* End PBXGroup section */

/* Begin PBXNativeTarget section */
		5F61E9411EB978B0003B636F /* MyFoodTracker */ = {
			isa = PBXNativeTarget;
			buildConfigurationList = 5F61E95F1EB978B0003B636F /* Build configuration list for PBXNativeTarget "MyFoodTracker" */;
			buildPhases = (
				5F61E93E1EB978B0003B636F /* Sources */,
				5F61E93F1EB978B0003B636F /* Frameworks */,
				5F61E9401EB978B0003B636F /* Resources */,
			);
			buildRules = (
			);
			dependencies = (
			);
			name = MyFoodTracker;
			productName = MyFoodTracker;
			productReference = 5F61E9421EB978B0003B636F /* MyFoodTracker.app */;
			productType = "com.apple.product-type.application";
		};
		5F61E9551EB978B0003B636F /* MyFoodTrackerTests */ = {
			isa = PBXNativeTarget;
			buildConfigurationList = 5F61E9621EB978B0003B636F /* Build configuration list for PBXNativeTarget "MyFoodTrackerTests" */;
			buildPhases = (
				5F61E9521EB978B0003B636F /* Sources */,
				5F61E9531EB978B0003B636F /* Frameworks */,
				5F61E9541EB978B0003B636F /* Resources */,
			);
			buildRules = (
			);
			dependencies = (
				5F61E9581EB978B0003B636F /* PBXTargetDependency */,
			);
			name = MyFoodTrackerTests;
			productName = MyFoodTrackerTests;
			productReference = 5F61E9561EB978B0003B636F /* MyFoodTrackerTests.xctest */;
			productType = "com.apple.product-type.bundle.unit-test";
		};
/* End PBXNativeTarget section */

/* Begin PBXProject section */
		5F61E93A1EB978B0003B636F /* Project object */ = {
			isa = PBXProject;
			attributes = {
				LastSwiftUpdateCheck = 0720;
				LastUpgradeCheck = 0720;
				TargetAttributes = {
					5F61E9411EB978B0003B636F = {
						CreatedOnToolsVersion = 7.2.1;
					};
					5F61E9551EB978B0003B636F = {
						CreatedOnToolsVersion = 7.2.1;
						TestTargetID = 5F61E9411EB978B0003B636F;
					};
				};
			};
			buildConfigurationList = 5F61E93D1EB978B0003B636F /* Build configuration list for PBXProject "MyFoodTracker" */;
			compatibilityVersion = "Xcode 3.2";
			developmentRegion = English;
			hasScannedForEncodings = 0;
			knownRegions = (
				en,
				Base,
			);
			mainGroup = 5F61E9391EB978B0003B636F;
			productRefGroup = 5F61E9431EB978B0003B636F /* Products */;
			projectDirPath = "";
			projectRoot = "";
			targets = (
				5F61E9411EB978B0003B636F /* MyFoodTracker */,
				5F61E9551EB978B0003B636F /* MyFoodTrackerTests */,
			);
		};
/* End PBXProject section */

/* Begin PBXResourcesBuildPhase section */
		5F61E9401EB978B0003B636F /* Resources */ = {
			isa = PBXResourcesBuildPhase;
			buildActionMask = 2147483647;
			files = (
				5F61E9501EB978B0003B636F /* LaunchScreen.storyboard in Resources */,
				5F61E94D1EB978B0003B636F /* Assets.xcassets in Resources */,
				5F61E94B1EB978B0003B636F /* Main.storyboard in Resources */,
			);
			runOnlyForDeploymentPostprocessing = 0;
		};
		5F61E9541EB978B0003B636F /* Resources */ = {
			isa = PBXResourcesBuildPhase;
			buildActionMask = 2147483647;
			files = (
			);
			runOnlyForDeploymentPostprocessing = 0;
		};
/* End PBXResourcesBuildPhase section */

/* Begin PBXSourcesBuildPhase section */
		5F61E93E1EB978B0003B636F /* Sources */ = {
			isa = PBXSourcesBuildPhase;
			buildActionMask = 2147483647;
			files = (
				5F61E9481EB978B0003B636F /* ViewController.swift in Sources */,
				5F61E9461EB978B0003B636F /* AppDelegate.swift in Sources */,
			);
			runOnlyForDeploymentPostprocessing = 0;
		};
		5F61E9521EB978B0003B636F /* Sources */ = {
			isa = PBXSourcesBuildPhase;
			buildActionMask = 2147483647;
			files = (
				5F61E95B1EB978B0003B636F /* MyFoodTrackerTests.swift in Sources */,
			);
			runOnlyForDeploymentPostprocessing = 0;
		};
/* End PBXSourcesBuildPhase section */

/* Begin PBXTargetDependency section */
		5F61E9581EB978B0003B636F /* PBXTargetDependency */ = {
			isa = PBXTargetDependency;
			target = 5F61E9411EB978B0003B636F /* MyFoodTracker */;
			targetProxy = 5F61E9571EB978B0003B636F /* PBXContainerItemProxy */;
		};
/* End PBXTargetDependency section */

/* Begin PBXVariantGroup section */
		5F61E9491EB978B0003B636F /* Main.storyboard */ = {
			isa = PBXVariantGroup;
			children = (
				5F61E94A1EB978B0003B636F /* Base */,
			);
			name = Main.storyboard;
			sourceTree = "<group>";
		};
		5F61E94E1EB978B0003B636F /* LaunchScreen.storyboard */ = {
			isa = PBXVariantGroup;
			children = (
				5F61E94F1EB978B0003B636F /* Base */,
			);
			name = LaunchScreen.storyboard;
			sourceTree = "<group>";
		};
/* End PBXVariantGroup section */

/* Begin XCBuildConfiguration section */
		5F61E95D1EB978B0003B636F /* Debug */ = {
			isa = XCBuildConfiguration;
			buildSettings = {
				ALWAYS_SEARCH_USER_PATHS = NO;
				CLANG_CXX_LANGUAGE_STANDARD = "gnu++0x";
				CLANG_CXX_LIBRARY = "libc++";
				CLANG_ENABLE_MODULES = YES;
				CLANG_ENABLE_OBJC_ARC = YES;
				CLANG_WARN_BOOL_CONVERSION = YES;
				CLANG_WARN_CONSTANT_CONVERSION = YES;
				CLANG_WARN_DIRECT_OBJC_ISA_USAGE = YES_ERROR;
				CLANG_WARN_EMPTY_BODY = YES;
				CLANG_WARN_ENUM_CONVERSION = YES;
				CLANG_WARN_INT_CONVERSION = YES;
				CLANG_WARN_OBJC_ROOT_CLASS = YES_ERROR;
				CLANG_WARN_UNREACHABLE_CODE = YES;
				CLANG_WARN__DUPLICATE_METHOD_MATCH = YES;
				"CODE_SIGN_IDENTITY[sdk=iphoneos*]" = "iPhone Developer";
				COPY_PHASE_STRIP = NO;
				DEBUG_INFORMATION_FORMAT = dwarf;
				ENABLE_STRICT_OBJC_MSGSEND = YES;
				ENABLE_TESTABILITY = YES;
				GCC_C_LANGUAGE_STANDARD = gnu99;
				GCC_DYNAMIC_NO_PIC = NO;
				GCC_NO_COMMON_BLOCKS = YES;
				GCC_OPTIMIZATION_LEVEL = 0;
				GCC_PREPROCESSOR_DEFINITIONS = (
					"DEBUG=1",
					"$(inherited)",
				);
				GCC_WARN_64_TO_32_BIT_CONVERSION = YES;
				GCC_WARN_ABOUT_RETURN_TYPE = YES_ERROR;
				GCC_WARN_UNDECLARED_SELECTOR = YES;
				GCC_WARN_UNINITIALIZED_AUTOS = YES_AGGRESSIVE;
				GCC_WARN_UNUSED_FUNCTION = YES;
				GCC_WARN_UNUSED_VARIABLE = YES;
				IPHONEOS_DEPLOYMENT_TARGET = 9.2;
				MTL_ENABLE_DEBUG_INFO = YES;
				ONLY_ACTIVE_ARCH = YES;
				SDKROOT = iphoneos;
				SWIFT_OPTIMIZATION_LEVEL = "-Onone";
				TARGETED_DEVICE_FAMILY = "1,2";
			};
			name = Debug;
		};
		5F61E95E1EB978B0003B636F /* Release */ = {
			isa = XCBuildConfiguration;
			buildSettings = {
				ALWAYS_SEARCH_USER_PATHS = NO;
				CLANG_CXX_LANGUAGE_STANDARD = "gnu++0x";
				CLANG_CXX_LIBRARY = "libc++";
				CLANG_ENABLE_MODULES = YES;
				CLANG_ENABLE_OBJC_ARC = YES;
				CLANG_WARN_BOOL_CONVERSION = YES;
				CLANG_WARN_CONSTANT_CONVERSION = YES;
				CLANG_WARN_DIRECT_OBJC_ISA_USAGE = YES_ERROR;
				CLANG_WARN_EMPTY_BODY = YES;
				CLANG_WARN_ENUM_CONVERSION = YES;
				CLANG_WARN_INT_CONVERSION = YES;
				CLANG_WARN_OBJC_ROOT_CLASS = YES_ERROR;
				CLANG_WARN_UNREACHABLE_CODE = YES;
				CLANG_WARN__DUPLICATE_METHOD_MATCH = YES;
				"CODE_SIGN_IDENTITY[sdk=iphoneos*]" = "iPhone Developer";
				COPY_PHASE_STRIP = NO;
				DEBUG_INFORMATION_FORMAT = "dwarf-with-dsym";
				ENABLE_NS_ASSERTIONS = NO;
				ENABLE_STRICT_OBJC_MSGSEND = YES;
				GCC_C_LANGUAGE_STANDARD = gnu99;
				GCC_NO_COMMON_BLOCKS = YES;
				GCC_WARN_64_TO_32_BIT_CONVERSION = YES;
				GCC_WARN_ABOUT_RETURN_TYPE = YES_ERROR;
				GCC_WARN_UNDECLARED_SELECTOR = YES;
				GCC_WARN_UNINITIALIZED_AUTOS = YES_AGGRESSIVE;
				GCC_WARN_UNUSED_FUNCTION = YES;
				GCC_WARN_UNUSED_VARIABLE = YES;
				IPHONEOS_DEPLOYMENT_TARGET = 9.2;
				MTL_ENABLE_DEBUG_INFO = NO;
				SDKROOT = iphoneos;
				TARGETED_DEVICE_FAMILY = "1,2";
				VALIDATE_PRODUCT = YES;
			};
			name = Release;
		};
		5F61E9601EB978B0003B636F /* Debug */ = {
			isa = XCBuildConfiguration;
			buildSettings = {
				ASSETCATALOG_COMPILER_APPICON_NAME = AppIcon;
				INFOPLIST_FILE = MyFoodTracker/Info.plist;
				LD_RUNPATH_SEARCH_PATHS = "$(inherited) @executable_path/Frameworks";
				PRODUCT_BUNDLE_IDENTIFIER = com.rayyar.MyFoodTracker;
				PRODUCT_NAME = "$(TARGET_NAME)";
			};
			name = Debug;
		};
		5F61E9611EB978B0003B636F /* Release */ = {
			isa = XCBuildConfiguration;
			buildSettings = {
				ASSETCATALOG_COMPILER_APPICON_NAME = AppIcon;
				INFOPLIST_FILE = MyFoodTracker/Info.plist;
				LD_RUNPATH_SEARCH_PATHS = "$(inherited) @executable_path/Frameworks";
				PRODUCT_BUNDLE_IDENTIFIER = com.rayyar.MyFoodTracker;
				PRODUCT_NAME = "$(TARGET_NAME)";
			};
			name = Release;
		};
		5F61E9631EB978B0003B636F /* Debug */ = {
			isa = XCBuildConfiguration;
			buildSettings = {
				BUNDLE_LOADER = "$(TEST_HOST)";
				INFOPLIST_FILE = MyFoodTrackerTests/Info.plist;
				LD_RUNPATH_SEARCH_PATHS = "$(inherited) @executable_path/Frameworks @loader_path/Frameworks";
				PRODUCT_BUNDLE_IDENTIFIER = com.rayyar.MyFoodTrackerTests;
				PRODUCT_NAME = "$(TARGET_NAME)";
				TEST_HOST = "$(BUILT_PRODUCTS_DIR)/MyFoodTracker.app/MyFoodTracker";
			};
			name = Debug;
		};
		5F61E9641EB978B0003B636F /* Release */ = {
			isa = XCBuildConfiguration;
			buildSettings = {
				BUNDLE_LOADER = "$(TEST_HOST)";
				INFOPLIST_FILE = MyFoodTrackerTests/Info.plist;
				LD_RUNPATH_SEARCH_PATHS = "$(inherited) @executable_path/Frameworks @loader_path/Frameworks";
				PRODUCT_BUNDLE_IDENTIFIER = com.rayyar.MyFoodTrackerTests;
				PRODUCT_NAME = "$(TARGET_NAME)";
				TEST_HOST = "$(BUILT_PRODUCTS_DIR)/MyFoodTracker.app/MyFoodTracker";
			};
			name = Release;
		};
/* End XCBuildConfiguration section */

/* Begin XCConfigurationList section */
		5F61E93D1EB978B0003B636F /* Build configuration list for PBXProject "MyFoodTracker" */ = {
			isa = XCConfigurationList;
			buildConfigurations = (
				5F61E95D1EB978B0003B636F /* Debug */,
				5F61E95E1EB978B0003B636F /* Release */,
			);
			defaultConfigurationIsVisible = 0;
			defaultConfigurationName = Release;
		};
		5F61E95F1EB978B0003B636F /* Build configuration list for PBXNativeTarget "MyFoodTracker" */ = {
			isa = XCConfigurationList;
			buildConfigurations = (
				5F61E9601EB978B0003B636F /* Debug */,
				5F61E9611EB978B0003B636F /* Release */,
			);
			defaultConfigurationIsVisible = 0;
		};
		5F61E9621EB978B0003B636F /* Build configuration list for PBXNativeTarget "MyFoodTrackerTests" */ = {
			isa = XCConfigurationList;
			buildConfigurations = (
				5F61E9631EB978B0003B636F /* Debug */,
				5F61E9641EB978B0003B636F /* Release */,
			);
			defaultConfigurationIsVisible = 0;
		};
/* End XCConfigurationList section */
	};
	rootObject = 5F61E93A1EB978B0003B636F /* Project object */;
}
